github.com/grd/ogg v0.0.0-20130623210630-0dae53159b70 h1:BbrcLhyNM9P1UAZnPBomiAvDv7WEIJy+sfrJItfSUL8=
github.com/grd/ogg v0.0.0-20130623210630-0dae53159b70/go.mod h1:K8T3jGUZQeKP7y1e801QDZAB53F6Lpt+NgnwAZTxwrg=
github.com/pion/opus v0.0.0-20230123082803-1052c3e89e58 h1:wi5XffRvL9Ghx8nRAdZyAjmLV/ccnn2xJ4w6S6fELgA=
github.com/pion/opus v0.0.0-20230123082803-1052c3e89e58/go.mod h1:m8ODxkLrcNvLY6BPvOj7yLxK1wMQWA+2jqKcsrZ293U=
